<?xml version="1.0" encoding="utf-8"?>
<Project ToolsVersion="4.0" xmlns="http://schemas.microsoft.com/developer/msbuild/2003">
  <ItemGroup>
    <ClCompile Include="0619test.cpp" />
    <ClCompile Include="1003.cpp" />
    <ClCompile Include="10870.cpp" />
    <ClCompile Include="11179.cpp" />
    <ClCompile Include="15649.cpp" />
    <ClCompile Include="15650.cpp" />
    <ClCompile Include="15651.cpp" />
    <ClCompile Include="15652.cpp" />
    <ClCompile Include="1904.cpp" />
    <ClCompile Include="2447.cpp" />
    <ClCompile Include="2798.cpp" />
    <ClCompile Include="9461.cpp" />
    <ClCompile Include="asasdfsd.cpp" />
    <ClCompile Include="asdfsfs.cpp" />
    <ClCompile Include="cote0901.cpp" />
    <ClCompile Include="gasdfqwer.cpp" />
    <ClCompile Include="test.cpp" />
    <ClCompile Include="tmp1.cpp" />
    <ClCompile Include="백준 1074 Z.cpp" />
    <ClCompile Include="백준 10870 피보나치 5.cpp" />
    <ClCompile Include="백준 10872 팩토리얼.cpp" />
    <ClCompile Include="백준 1149 RGB거리.cpp" />
    <ClCompile Include="백준 11729 하노이탑.cpp" />
    <ClCompile Include="백준 1182 부분수열의 합.cpp" />
    <ClCompile Include="백준 1269 대칭차집합.cpp" />
    <ClCompile Include="백준 12865 평범한배낭.cpp" />
    <ClCompile Include="백준 1463 1로만들기.cpp" />
    <ClCompile Include="백준 14888 연산자끼워넣기.cpp" />
    <ClCompile Include="백준 15649 N과 M.cpp" />
    <ClCompile Include="백준 15650 N과M(2).cpp" />
    <ClCompile Include="백준 15651 N과 M %283%29.cpp" />
    <ClCompile Include="백준 15652 N과 M (4).cpp" />
    <ClCompile Include="백준 1620 나는야포켓몬마스터이다솜cpp.cpp" />
    <ClCompile Include="백준 1629 곱셈.cpp" />
    <ClCompile Include="백준 17478 재귀함수가뭔가요.cpp" />
    <ClCompile Include="백준 1764 듣보잡.cpp" />
    <ClCompile Include="백준 24416 알고리즘수업 - 피보나치수 1.cpp" />
    <ClCompile Include="백준 2447 별찍기 10.cpp" />
    <ClCompile Include="백준 2696 중앙값 구하기.cpp" />
    <ClCompile Include="백준 9095 1,2,3 더하기.cpp" />
    <ClCompile Include="백준 9663  N-Queen .cpp" />
    <ClCompile Include="백준10815.cpp" />
    <ClCompile Include="백준10816 숫자카드2.cpp" />
    <ClCompile Include="백준10872.cpp" />
    <ClCompile Include="백준11478 서로다른부분문자열의개수.cpp" />
    <ClCompile Include="백준1152cpp.cpp" />
    <ClCompile Include="백준1157.cpp" />
    <ClCompile Include="백준14425 문자열집합.cpp" />
    <ClCompile Include="백준17831 대기업승범이네.cpp" />
    <ClCompile Include="백준2675.cpp" />
    <ClCompile Include="백준우수마을.cpp" />
    <ClCompile Include="최단작업우선스케줄링.cpp" />
    <ClCompile Include="코챌.cpp" />
    <ClCompile Include="코챌4.cpp" />
    <ClCompile Include="프로그래머스_숫자문자열과영단어.cpp" />
    <ClCompile Include="프로그래머스_신규아이디추천cpp.cpp" />
    <ClCompile Include="백준 1085 직사각형에서 탈출cpp.cpp" />
    <ClCompile Include="백준 25501 재귀의 귀재.cpp" />
    <ClCompile Include="프로그래머스 최댓값과 최솟값.cpp" />
    <ClCompile Include="프로그래머스 JadenCase문자열 만들기.cpp" />
    <ClCompile Include="프로그래머스 최솟값 만들기.cpp" />
    <ClCompile Include="프로그래머스 올바른괄호.cpp" />
    <ClCompile Include="프로그래머스 이진 변환 반복하기.cpp" />
    <ClCompile Include="프로그래머스 피보나치수.cpp" />
    <ClCompile Include="프로그래머스 다음 큰 숫자.cpp" />
    <ClCompile Include="프로그래머스 카펫.cpp" />
    <ClCompile Include="프로그래머스 짝지어 제거하기.cpp" />
    <ClCompile Include="프로그래머스 영어 끝말잇기cpp.cpp" />
    <ClCompile Include="프로그래머스 예상대진표.cpp" />
    <ClCompile Include="프로래머스_점프와순간이동.cpp" />
    <ClCompile Include="프로그래머스 멀리뛰기cpp.cpp" />
    <ClCompile Include="프로그래머스 [1차]캐시.cpp" />
    <ClCompile Include="백준 1260 DFS와 BFS.cpp" />
    <ClCompile Include="프로그래머스 가장 먼 노드.cpp" />
    <ClCompile Include="프로그래머스 네트워크.cpp" />
    <ClCompile Include="백준 2775 부녀회장이 될테야.cpp" />
    <ClCompile Include="백준 1932 정수삼각형.cpp" />
    <ClCompile Include="sadfasdfqwerr.cpp" />
    <ClCompile Include="백준 트리의 순회.cpp" />
    <ClCompile Include="프로그래머스 단어변환cpp.cpp" />
    <ClCompile Include="프로그래머스 등굣길.cpp" />
    <ClCompile Include="프로그래머스 숫자게임.cpp" />
    <ClCompile Include="프로그래머스 기지국설치.cpp" />
    <ClCompile Include="프로그래머스 보석 쇼핑.cpp" />
    <ClCompile Include="프로그래머스 징검다리cpp.cpp" />
  </ItemGroup>
</Project>